
Microsoft Visual Studio Solution File, Format Version 12.00
# Visual Studio 15
VisualStudioVersion = 15.0.28307.421
MinimumVisualStudioVersion = 10.0.40219.1
Project("{FAE04EC0-301F-11D3-BF4B-00C04F79EFBC}") = "API", "API\API.csproj", "{5D7A4C99-C635-4292-81C8-E8FFB0EABEDC}"
EndProject
Global
	GlobalSection(SolutionConfigurationPlatforms) = preSolution
		Debug|Any CPU = Debug|Any CPU
		Release|Any CPU = Release|Any CPU
	EndGlobalSection
	GlobalSection(ProjectConfigurationPlatforms) = postSolution
		{5D7A4C99-C635-4292-81C8-E8FFB0EABEDC}.Debug|Any CPU.ActiveCfg = Debug|Any CPU
		{5D7A4C99-C635-4292-81C8-E8FFB0EABEDC}.Debug|Any CPU.Build.0 = Debug|Any CPU
		{5D7A4C99-C635-4292-81C8-E8FFB0EABEDC}.Release|Any CPU.ActiveCfg = Release|Any CPU
		{5D7A4C99-C635-4292-81C8-E8FFB0EABEDC}.Release|Any CPU.Build.0 = Release|Any CPU
	EndGlobalSection
	GlobalSection(SolutionProperties) = preSolution
		HideSolutionNode = FALSE
	EndGlobalSection
	GlobalSection(ExtensibilityGlobals) = postSolution
		SolutionGuid = {92B9D4BD-857A-4C20-8E9E-B88F02F76E63}
	EndGlobalSection
EndGlobal
